
Microsoft Visual Studio Solution File, Format Version 12.00
# Visual Studio Version 16
VisualStudioVersion = 16.0.28922.388
MinimumVisualStudioVersion = 10.0.40219.1
Project("{9A19103F-16F7-4668-BE54-9A1E7A4F7556}") = "PlanCalculator.Core", "PlanCalculator.Core\PlanCalculator.Core.csproj", "{F38CCEAB-97B5-4B78-A694-0BA54E6538C8}"
EndProject
Project("{9A19103F-16F7-4668-BE54-9A1E7A4F7556}") = "PlanCalculator.Infrastructure", "PlanCalculator.Infrastructure\PlanCalculator.Infrastructure.csproj", "{9F27488A-2292-4F3B-8D3C-1E89415408F0}"
EndProject
Project("{9A19103F-16F7-4668-BE54-9A1E7A4F7556}") = "PlanCalculator.Console", "PlanCalculator.Console\PlanCalculator.Console.csproj", "{CA7C337C-4945-46E9-B88B-F05A727E47C0}"
EndProject
Project("{9A19103F-16F7-4668-BE54-9A1E7A4F7556}") = "PlanCalculator.UnitTests", "PlanCalculator.UnitTests\PlanCalculator.UnitTests.csproj", "{BFEE947B-1171-4103-B089-37A355A6C7A1}"
EndProject
Global
	GlobalSection(SolutionConfigurationPlatforms) = preSolution
		Debug|Any CPU = Debug|Any CPU
		Release|Any CPU = Release|Any CPU
	EndGlobalSection
	GlobalSection(ProjectConfigurationPlatforms) = postSolution
		{F38CCEAB-97B5-4B78-A694-0BA54E6538C8}.Debug|Any CPU.ActiveCfg = Debug|Any CPU
		{F38CCEAB-97B5-4B78-A694-0BA54E6538C8}.Debug|Any CPU.Build.0 = Debug|Any CPU
		{F38CCEAB-97B5-4B78-A694-0BA54E6538C8}.Release|Any CPU.ActiveCfg = Release|Any CPU
		{F38CCEAB-97B5-4B78-A694-0BA54E6538C8}.Release|Any CPU.Build.0 = Release|Any CPU
		{9F27488A-2292-4F3B-8D3C-1E89415408F0}.Debug|Any CPU.ActiveCfg = Debug|Any CPU
		{9F27488A-2292-4F3B-8D3C-1E89415408F0}.Debug|Any CPU.Build.0 = Debug|Any CPU
		{9F27488A-2292-4F3B-8D3C-1E89415408F0}.Release|Any CPU.ActiveCfg = Release|Any CPU
		{9F27488A-2292-4F3B-8D3C-1E89415408F0}.Release|Any CPU.Build.0 = Release|Any CPU
		{CA7C337C-4945-46E9-B88B-F05A727E47C0}.Debug|Any CPU.ActiveCfg = Debug|Any CPU
		{CA7C337C-4945-46E9-B88B-F05A727E47C0}.Debug|Any CPU.Build.0 = Debug|Any CPU
		{CA7C337C-4945-46E9-B88B-F05A727E47C0}.Release|Any CPU.ActiveCfg = Release|Any CPU
		{CA7C337C-4945-46E9-B88B-F05A727E47C0}.Release|Any CPU.Build.0 = Release|Any CPU
		{BFEE947B-1171-4103-B089-37A355A6C7A1}.Debug|Any CPU.ActiveCfg = Debug|Any CPU
		{BFEE947B-1171-4103-B089-37A355A6C7A1}.Debug|Any CPU.Build.0 = Debug|Any CPU
		{BFEE947B-1171-4103-B089-37A355A6C7A1}.Release|Any CPU.ActiveCfg = Release|Any CPU
		{BFEE947B-1171-4103-B089-37A355A6C7A1}.Release|Any CPU.Build.0 = Release|Any CPU
	EndGlobalSection
	GlobalSection(SolutionProperties) = preSolution
		HideSolutionNode = FALSE
	EndGlobalSection
	GlobalSection(ExtensibilityGlobals) = postSolution
		SolutionGuid = {E0996275-0F80-46DF-B49E-FAA0FB3F609A}
	EndGlobalSection
EndGlobal
